
Microsoft Visual Studio Solution File, Format Version 12.00
# Visual Studio Version 17
VisualStudioVersion = 17.4.33213.308
MinimumVisualStudioVersion = 10.0.40219.1
Project("{9A19103F-16F7-4668-BE54-9A1E7A4F7556}") = "lab1", "lab1\lab1.csproj", "{8D3A893D-6E8E-4AF8-A147-11927AA6EEDE}"
EndProject
Project("{FAE04EC0-301F-11D3-BF4B-00C04F79EFBC}") = "lab1Tests", "lab1Tests\lab1Tests.csproj", "{99A7D115-62C2-4413-9B4F-F5F2DBDE5EBF}"
EndProject
Global
	GlobalSection(SolutionConfigurationPlatforms) = preSolution
		Debug|Any CPU = Debug|Any CPU
		Release|Any CPU = Release|Any CPU
	EndGlobalSection
	GlobalSection(ProjectConfigurationPlatforms) = postSolution
		{8D3A893D-6E8E-4AF8-A147-11927AA6EEDE}.Debug|Any CPU.ActiveCfg = Debug|Any CPU
		{8D3A893D-6E8E-4AF8-A147-11927AA6EEDE}.Debug|Any CPU.Build.0 = Debug|Any CPU
		{8D3A893D-6E8E-4AF8-A147-11927AA6EEDE}.Release|Any CPU.ActiveCfg = Release|Any CPU
		{8D3A893D-6E8E-4AF8-A147-11927AA6EEDE}.Release|Any CPU.Build.0 = Release|Any CPU
		{99A7D115-62C2-4413-9B4F-F5F2DBDE5EBF}.Debug|Any CPU.ActiveCfg = Debug|Any CPU
		{99A7D115-62C2-4413-9B4F-F5F2DBDE5EBF}.Debug|Any CPU.Build.0 = Debug|Any CPU
		{99A7D115-62C2-4413-9B4F-F5F2DBDE5EBF}.Release|Any CPU.ActiveCfg = Release|Any CPU
		{99A7D115-62C2-4413-9B4F-F5F2DBDE5EBF}.Release|Any CPU.Build.0 = Release|Any CPU
	EndGlobalSection
	GlobalSection(SolutionProperties) = preSolution
		HideSolutionNode = FALSE
	EndGlobalSection
	GlobalSection(ExtensibilityGlobals) = postSolution
		SolutionGuid = {88818C89-DD82-4F6E-BA45-EEC58879E0E9}
	EndGlobalSection
EndGlobal
